
Microsoft Visual Studio Solution File, Format Version 12.00
# Visual Studio 15
VisualStudioVersion = 15.0.26403.7
MinimumVisualStudioVersion = 10.0.40219.1
Project("{FAE04EC0-301F-11D3-BF4B-00C04F79EFBC}") = "BatalhaNaval-Visual", "BatalhaNaval-Visual\BatalhaNaval-Visual.csproj", "{7FFEE8E3-DFBC-44CF-B208-9C7F2D3D2709}"
EndProject
Project("{FAE04EC0-301F-11D3-BF4B-00C04F79EFBC}") = "Protocolo", "..\BatalhaNaval\BatalhaNaval\Protocolo.csproj", "{5CA5FC67-8E8B-47F9-B2BD-04EAFA570C28}"
EndProject
Global
	GlobalSection(SolutionConfigurationPlatforms) = preSolution
		Debug|Any CPU = Debug|Any CPU
		Release|Any CPU = Release|Any CPU
	EndGlobalSection
	GlobalSection(ProjectConfigurationPlatforms) = postSolution
		{7FFEE8E3-DFBC-44CF-B208-9C7F2D3D2709}.Debug|Any CPU.ActiveCfg = Debug|Any CPU
		{7FFEE8E3-DFBC-44CF-B208-9C7F2D3D2709}.Debug|Any CPU.Build.0 = Debug|Any CPU
		{7FFEE8E3-DFBC-44CF-B208-9C7F2D3D2709}.Release|Any CPU.ActiveCfg = Release|Any CPU
		{7FFEE8E3-DFBC-44CF-B208-9C7F2D3D2709}.Release|Any CPU.Build.0 = Release|Any CPU
		{5CA5FC67-8E8B-47F9-B2BD-04EAFA570C28}.Debug|Any CPU.ActiveCfg = Debug|Any CPU
		{5CA5FC67-8E8B-47F9-B2BD-04EAFA570C28}.Debug|Any CPU.Build.0 = Debug|Any CPU
		{5CA5FC67-8E8B-47F9-B2BD-04EAFA570C28}.Release|Any CPU.ActiveCfg = Release|Any CPU
		{5CA5FC67-8E8B-47F9-B2BD-04EAFA570C28}.Release|Any CPU.Build.0 = Release|Any CPU
	EndGlobalSection
	GlobalSection(SolutionProperties) = preSolution
		HideSolutionNode = FALSE
	EndGlobalSection
EndGlobal
